// !$*UTF8*$!
{
	archiveVersion = 1;
	classes = {
	};
	objectVersion = 56;
	objects = {

/* Begin PBXBuildFile section */
		760C54172CC6AD2900502B24 /* AppStoreMainViewController.swift in Sources */ = {isa = PBXBuildFile; fileRef = 760C54162CC6AD2900502B24 /* AppStoreMainViewController.swift */; };
		760C541A2CC6ADD600502B24 /* AppIntro.swift in Sources */ = {isa = PBXBuildFile; fileRef = 760C54192CC6ADD600502B24 /* AppIntro.swift */; };
		760C541C2CC6ADFA00502B24 /* AppInfo.swift in Sources */ = {isa = PBXBuildFile; fileRef = 760C541B2CC6ADFA00502B24 /* AppInfo.swift */; };
		760C541E2CC6AE1000502B24 /* WhatsNew.swift in Sources */ = {isa = PBXBuildFile; fileRef = 760C541D2CC6AE1000502B24 /* WhatsNew.swift */; };
		760C54202CC6AE2000502B24 /* Preview.swift in Sources */ = {isa = PBXBuildFile; fileRef = 760C541F2CC6AE2000502B24 /* Preview.swift */; };
		760C54222CC6AE3100502B24 /* DeveloperInfo.swift in Sources */ = {isa = PBXBuildFile; fileRef = 760C54212CC6AE3100502B24 /* DeveloperInfo.swift */; };
		760C54242CC6AE3E00502B24 /* Review.swift in Sources */ = {isa = PBXBuildFile; fileRef = 760C54232CC6AE3E00502B24 /* Review.swift */; };
		760C54262CC6DF2D00502B24 /* VersionHistoryViewController.swift in Sources */ = {isa = PBXBuildFile; fileRef = 760C54252CC6DF2D00502B24 /* VersionHistoryViewController.swift */; };
		760C54282CC6DFF000502B24 /* AllReviewsViewController.swift in Sources */ = {isa = PBXBuildFile; fileRef = 760C54272CC6DFF000502B24 /* AllReviewsViewController.swift */; };
		760C54572CD0ADCF00502B24 /* UIView+.swift in Sources */ = {isa = PBXBuildFile; fileRef = 760C54562CD0ADCF00502B24 /* UIView+.swift */; };
		760C54592CD0C26900502B24 /* DeveloperInfoLabels.swift in Sources */ = {isa = PBXBuildFile; fileRef = 760C54582CD0C26900502B24 /* DeveloperInfoLabels.swift */; };
		760C545D2CD0D33B00502B24 /* Then in Frameworks */ = {isa = PBXBuildFile; productRef = 760C545C2CD0D33B00502B24 /* Then */; };
		760C54682CD0D3BE00502B24 /* Photo.swift in Sources */ = {isa = PBXBuildFile; fileRef = 760C545E2CD0D3BE00502B24 /* Photo.swift */; };
		760C54692CD0D3BE00502B24 /* PhotoCell.swift in Sources */ = {isa = PBXBuildFile; fileRef = 760C545F2CD0D3BE00502B24 /* PhotoCell.swift */; };
		760C546A2CD0D3BE00502B24 /* PhotoViewController.swift in Sources */ = {isa = PBXBuildFile; fileRef = 760C54602CD0D3BE00502B24 /* PhotoViewController.swift */; };
		760C546B2CD0D3BE00502B24 /* App.swift in Sources */ = {isa = PBXBuildFile; fileRef = 760C54622CD0D3BE00502B24 /* App.swift */; };
		760C546C2CD0D3BE00502B24 /* ChartCell.swift in Sources */ = {isa = PBXBuildFile; fileRef = 760C54632CD0D3BE00502B24 /* ChartCell.swift */; };
		760C546D2CD0D3BE00502B24 /* ChartViewController.swift in Sources */ = {isa = PBXBuildFile; fileRef = 760C54642CD0D3BE00502B24 /* ChartViewController.swift */; };
		760C546E2CD0D3BE00502B24 /* DownloadState.swift in Sources */ = {isa = PBXBuildFile; fileRef = 760C54652CD0D3BE00502B24 /* DownloadState.swift */; };
		760C54702CD1F02600502B24 /* ReviewData.swift in Sources */ = {isa = PBXBuildFile; fileRef = 760C546F2CD1F02600502B24 /* ReviewData.swift */; };
		760F11BF2CC2B0ED00199A79 /* ColorsViewController.swift in Sources */ = {isa = PBXBuildFile; fileRef = 760F11BB2CC2B0ED00199A79 /* ColorsViewController.swift */; };
		760F11C02CC2B0ED00199A79 /* InputNicknameViewController.swift in Sources */ = {isa = PBXBuildFile; fileRef = 760F11BC2CC2B0ED00199A79 /* InputNicknameViewController.swift */; };
		760F11C12CC2B0ED00199A79 /* SecondMainViewController.swift in Sources */ = {isa = PBXBuildFile; fileRef = 760F11BD2CC2B0ED00199A79 /* SecondMainViewController.swift */; };
		7641BCF42CBC51AE003D99CE /* FirstMainViewController.swift in Sources */ = {isa = PBXBuildFile; fileRef = 7641BCF32CBC51AE003D99CE /* FirstMainViewController.swift */; };
		7641BCF62CBC526E003D99CE /* ReceivedDataViewController.swift in Sources */ = {isa = PBXBuildFile; fileRef = 7641BCF52CBC526E003D99CE /* ReceivedDataViewController.swift */; };
		7692BC4B2CB9608400CF5176 /* AppDelegate.swift in Sources */ = {isa = PBXBuildFile; fileRef = 7692BC4A2CB9608400CF5176 /* AppDelegate.swift */; };
		7692BC4D2CB9608400CF5176 /* SceneDelegate.swift in Sources */ = {isa = PBXBuildFile; fileRef = 7692BC4C2CB9608400CF5176 /* SceneDelegate.swift */; };
		7692BC4F2CB9608400CF5176 /* FindDifferentButtonViewController.swift in Sources */ = {isa = PBXBuildFile; fileRef = 7692BC4E2CB9608400CF5176 /* FindDifferentButtonViewController.swift */; };
		7692BC542CB9608500CF5176 /* Assets.xcassets in Resources */ = {isa = PBXBuildFile; fileRef = 7692BC532CB9608500CF5176 /* Assets.xcassets */; };
		7692BC572CB9608500CF5176 /* Base in Resources */ = {isa = PBXBuildFile; fileRef = 7692BC562CB9608500CF5176 /* Base */; };
		7692BC5F2CB9619B00CF5176 /* ResultViewController.swift in Sources */ = {isa = PBXBuildFile; fileRef = 7692BC5E2CB9619B00CF5176 /* ResultViewController.swift */; };
		76C19BC92CB98F9800745588 /* SnapKit in Frameworks */ = {isa = PBXBuildFile; productRef = 76C19BC82CB98F9800745588 /* SnapKit */; };
/* End PBXBuildFile section */

/* Begin PBXFileReference section */
		760C54162CC6AD2900502B24 /* AppStoreMainViewController.swift */ = {isa = PBXFileReference; lastKnownFileType = sourcecode.swift; path = AppStoreMainViewController.swift; sourceTree = "<group>"; };
		760C54192CC6ADD600502B24 /* AppIntro.swift */ = {isa = PBXFileReference; lastKnownFileType = sourcecode.swift; path = AppIntro.swift; sourceTree = "<group>"; };
		760C541B2CC6ADFA00502B24 /* AppInfo.swift */ = {isa = PBXFileReference; lastKnownFileType = sourcecode.swift; path = AppInfo.swift; sourceTree = "<group>"; };
		760C541D2CC6AE1000502B24 /* WhatsNew.swift */ = {isa = PBXFileReference; lastKnownFileType = sourcecode.swift; path = WhatsNew.swift; sourceTree = "<group>"; };
		760C541F2CC6AE2000502B24 /* Preview.swift */ = {isa = PBXFileReference; lastKnownFileType = sourcecode.swift; path = Preview.swift; sourceTree = "<group>"; };
		760C54212CC6AE3100502B24 /* DeveloperInfo.swift */ = {isa = PBXFileReference; lastKnownFileType = sourcecode.swift; path = DeveloperInfo.swift; sourceTree = "<group>"; };
		760C54232CC6AE3E00502B24 /* Review.swift */ = {isa = PBXFileReference; lastKnownFileType = sourcecode.swift; path = Review.swift; sourceTree = "<group>"; };
		760C54252CC6DF2D00502B24 /* VersionHistoryViewController.swift */ = {isa = PBXFileReference; lastKnownFileType = sourcecode.swift; path = VersionHistoryViewController.swift; sourceTree = "<group>"; };
		760C54272CC6DFF000502B24 /* AllReviewsViewController.swift */ = {isa = PBXFileReference; lastKnownFileType = sourcecode.swift; path = AllReviewsViewController.swift; sourceTree = "<group>"; };
		760C54562CD0ADCF00502B24 /* UIView+.swift */ = {isa = PBXFileReference; lastKnownFileType = sourcecode.swift; path = "UIView+.swift"; sourceTree = "<group>"; };
		760C54582CD0C26900502B24 /* DeveloperInfoLabels.swift */ = {isa = PBXFileReference; lastKnownFileType = sourcecode.swift; path = DeveloperInfoLabels.swift; sourceTree = "<group>"; };
		760C545E2CD0D3BE00502B24 /* Photo.swift */ = {isa = PBXFileReference; fileEncoding = 4; lastKnownFileType = sourcecode.swift; path = Photo.swift; sourceTree = "<group>"; };
		760C545F2CD0D3BE00502B24 /* PhotoCell.swift */ = {isa = PBXFileReference; fileEncoding = 4; lastKnownFileType = sourcecode.swift; path = PhotoCell.swift; sourceTree = "<group>"; };
		760C54602CD0D3BE00502B24 /* PhotoViewController.swift */ = {isa = PBXFileReference; fileEncoding = 4; lastKnownFileType = sourcecode.swift; path = PhotoViewController.swift; sourceTree = "<group>"; };
		760C54622CD0D3BE00502B24 /* App.swift */ = {isa = PBXFileReference; fileEncoding = 4; lastKnownFileType = sourcecode.swift; path = App.swift; sourceTree = "<group>"; };
		760C54632CD0D3BE00502B24 /* ChartCell.swift */ = {isa = PBXFileReference; fileEncoding = 4; lastKnownFileType = sourcecode.swift; path = ChartCell.swift; sourceTree = "<group>"; };
		760C54642CD0D3BE00502B24 /* ChartViewController.swift */ = {isa = PBXFileReference; fileEncoding = 4; lastKnownFileType = sourcecode.swift; path = ChartViewController.swift; sourceTree = "<group>"; };
		760C54652CD0D3BE00502B24 /* DownloadState.swift */ = {isa = PBXFileReference; fileEncoding = 4; lastKnownFileType = sourcecode.swift; path = DownloadState.swift; sourceTree = "<group>"; };
		760C546F2CD1F02600502B24 /* ReviewData.swift */ = {isa = PBXFileReference; lastKnownFileType = sourcecode.swift; path = ReviewData.swift; sourceTree = "<group>"; };
		760F11BB2CC2B0ED00199A79 /* ColorsViewController.swift */ = {isa = PBXFileReference; fileEncoding = 4; lastKnownFileType = sourcecode.swift; path = ColorsViewController.swift; sourceTree = "<group>"; };
		760F11BC2CC2B0ED00199A79 /* InputNicknameViewController.swift */ = {isa = PBXFileReference; fileEncoding = 4; lastKnownFileType = sourcecode.swift; path = InputNicknameViewController.swift; sourceTree = "<group>"; };
		760F11BD2CC2B0ED00199A79 /* SecondMainViewController.swift */ = {isa = PBXFileReference; fileEncoding = 4; lastKnownFileType = sourcecode.swift; path = SecondMainViewController.swift; sourceTree = "<group>"; };
		7641BCF32CBC51AE003D99CE /* FirstMainViewController.swift */ = {isa = PBXFileReference; lastKnownFileType = sourcecode.swift; path = FirstMainViewController.swift; sourceTree = "<group>"; };
		7641BCF52CBC526E003D99CE /* ReceivedDataViewController.swift */ = {isa = PBXFileReference; lastKnownFileType = sourcecode.swift; path = ReceivedDataViewController.swift; sourceTree = "<group>"; };
		7692BC472CB9608400CF5176 /* AND-SOPT-iOS.app */ = {isa = PBXFileReference; explicitFileType = wrapper.application; includeInIndex = 0; path = "AND-SOPT-iOS.app"; sourceTree = BUILT_PRODUCTS_DIR; };
		7692BC4A2CB9608400CF5176 /* AppDelegate.swift */ = {isa = PBXFileReference; lastKnownFileType = sourcecode.swift; path = AppDelegate.swift; sourceTree = "<group>"; };
		7692BC4C2CB9608400CF5176 /* SceneDelegate.swift */ = {isa = PBXFileReference; lastKnownFileType = sourcecode.swift; path = SceneDelegate.swift; sourceTree = "<group>"; };
		7692BC4E2CB9608400CF5176 /* FindDifferentButtonViewController.swift */ = {isa = PBXFileReference; lastKnownFileType = sourcecode.swift; path = FindDifferentButtonViewController.swift; sourceTree = "<group>"; };
		7692BC532CB9608500CF5176 /* Assets.xcassets */ = {isa = PBXFileReference; lastKnownFileType = folder.assetcatalog; path = Assets.xcassets; sourceTree = "<group>"; };
		7692BC562CB9608500CF5176 /* Base */ = {isa = PBXFileReference; lastKnownFileType = file.storyboard; name = Base; path = Base.lproj/LaunchScreen.storyboard; sourceTree = "<group>"; };
		7692BC582CB9608500CF5176 /* Info.plist */ = {isa = PBXFileReference; lastKnownFileType = text.plist.xml; path = Info.plist; sourceTree = "<group>"; };
		7692BC5E2CB9619B00CF5176 /* ResultViewController.swift */ = {isa = PBXFileReference; lastKnownFileType = sourcecode.swift; path = ResultViewController.swift; sourceTree = "<group>"; };
/* End PBXFileReference section */

/* Begin PBXFrameworksBuildPhase section */
		7692BC442CB9608400CF5176 /* Frameworks */ = {
			isa = PBXFrameworksBuildPhase;
			buildActionMask = 2147483647;
			files = (
				76C19BC92CB98F9800745588 /* SnapKit in Frameworks */,
				760C545D2CD0D33B00502B24 /* Then in Frameworks */,
			);
			runOnlyForDeploymentPostprocessing = 0;
		};
/* End PBXFrameworksBuildPhase section */

/* Begin PBXGroup section */
		760C540C2CC6AAF400502B24 /* Week02 */ = {
			isa = PBXGroup;
			children = (
				760C545A2CD0C27500502B24 /* Data */,
				760C54182CC6AD6A00502B24 /* Section */,
				760C54162CC6AD2900502B24 /* AppStoreMainViewController.swift */,
				760C54252CC6DF2D00502B24 /* VersionHistoryViewController.swift */,
				760C54272CC6DFF000502B24 /* AllReviewsViewController.swift */,
			);
			path = Week02;
			sourceTree = "<group>";
		};
		760C54182CC6AD6A00502B24 /* Section */ = {
			isa = PBXGroup;
			children = (
				760C54192CC6ADD600502B24 /* AppIntro.swift */,
				760C541B2CC6ADFA00502B24 /* AppInfo.swift */,
				760C541D2CC6AE1000502B24 /* WhatsNew.swift */,
				760C541F2CC6AE2000502B24 /* Preview.swift */,
				760C54212CC6AE3100502B24 /* DeveloperInfo.swift */,
				760C54232CC6AE3E00502B24 /* Review.swift */,
			);
			path = Section;
			sourceTree = "<group>";
		};
		760C54552CD0ADB000502B24 /* Extensions */ = {
			isa = PBXGroup;
			children = (
				760C54562CD0ADCF00502B24 /* UIView+.swift */,
			);
			path = Extensions;
			sourceTree = "<group>";
		};
		760C545A2CD0C27500502B24 /* Data */ = {
			isa = PBXGroup;
			children = (
				760C54582CD0C26900502B24 /* DeveloperInfoLabels.swift */,
				760C546F2CD1F02600502B24 /* ReviewData.swift */,
			);
			path = Data;
			sourceTree = "<group>";
		};
		760C54612CD0D3BE00502B24 /* CollectionView */ = {
			isa = PBXGroup;
			children = (
				760C545E2CD0D3BE00502B24 /* Photo.swift */,
				760C545F2CD0D3BE00502B24 /* PhotoCell.swift */,
				760C54602CD0D3BE00502B24 /* PhotoViewController.swift */,
			);
			path = CollectionView;
			sourceTree = "<group>";
		};
		760C54662CD0D3BE00502B24 /* TableView */ = {
			isa = PBXGroup;
			children = (
				760C54622CD0D3BE00502B24 /* App.swift */,
				760C54632CD0D3BE00502B24 /* ChartCell.swift */,
				760C54642CD0D3BE00502B24 /* ChartViewController.swift */,
				760C54652CD0D3BE00502B24 /* DownloadState.swift */,
			);
			path = TableView;
			sourceTree = "<group>";
		};
		760C54672CD0D3BE00502B24 /* Week03 */ = {
			isa = PBXGroup;
			children = (
				760C54612CD0D3BE00502B24 /* CollectionView */,
				760C54662CD0D3BE00502B24 /* TableView */,
			);
			path = Week03;
			sourceTree = "<group>";
		};
		760F11BE2CC2B0ED00199A79 /* Week02 */ = {
			isa = PBXGroup;
			children = (
				760F11BB2CC2B0ED00199A79 /* ColorsViewController.swift */,
				760F11BC2CC2B0ED00199A79 /* InputNicknameViewController.swift */,
				760F11BD2CC2B0ED00199A79 /* SecondMainViewController.swift */,
			);
			name = Week02;
			path = "../../../../../Dev/AND-SOPT-iOS/AND-SOPT-iOS/Practice/Week02";
			sourceTree = "<group>";
		};
		7641BCE52CBC479A003D99CE /* Assignment */ = {
			isa = PBXGroup;
			children = (
				760C540C2CC6AAF400502B24 /* Week02 */,
				7641BCF72CBE1FF2003D99CE /* Week01 */,
			);
			path = Assignment;
			sourceTree = "<group>";
		};
		7641BCE82CBC48EA003D99CE /* Practice */ = {
			isa = PBXGroup;
			children = (
				760C54672CD0D3BE00502B24 /* Week03 */,
				760F11BE2CC2B0ED00199A79 /* Week02 */,
				7641BCE92CBC48F0003D99CE /* Week01 */,
			);
			path = Practice;
			sourceTree = "<group>";
		};
		7641BCE92CBC48F0003D99CE /* Week01 */ = {
			isa = PBXGroup;
			children = (
				7641BCF32CBC51AE003D99CE /* FirstMainViewController.swift */,
				7641BCF52CBC526E003D99CE /* ReceivedDataViewController.swift */,
			);
			path = Week01;
			sourceTree = "<group>";
		};
		7641BCF72CBE1FF2003D99CE /* Week01 */ = {
			isa = PBXGroup;
			children = (
				7692BC5E2CB9619B00CF5176 /* ResultViewController.swift */,
				7692BC4E2CB9608400CF5176 /* FindDifferentButtonViewController.swift */,
			);
			path = Week01;
			sourceTree = "<group>";
		};
		7692BC3E2CB9608400CF5176 = {
			isa = PBXGroup;
			children = (
				7692BC492CB9608400CF5176 /* AND-SOPT-iOS */,
				7692BC482CB9608400CF5176 /* Products */,
			);
			sourceTree = "<group>";
		};
		7692BC482CB9608400CF5176 /* Products */ = {
			isa = PBXGroup;
			children = (
				7692BC472CB9608400CF5176 /* AND-SOPT-iOS.app */,
			);
			name = Products;
			sourceTree = "<group>";
		};
		7692BC492CB9608400CF5176 /* AND-SOPT-iOS */ = {
			isa = PBXGroup;
			children = (
				760C54552CD0ADB000502B24 /* Extensions */,
				7641BCE82CBC48EA003D99CE /* Practice */,
				7641BCE52CBC479A003D99CE /* Assignment */,
				7692BC4A2CB9608400CF5176 /* AppDelegate.swift */,
				7692BC4C2CB9608400CF5176 /* SceneDelegate.swift */,
				7692BC532CB9608500CF5176 /* Assets.xcassets */,
				7692BC552CB9608500CF5176 /* LaunchScreen.storyboard */,
				7692BC582CB9608500CF5176 /* Info.plist */,
			);
			path = "AND-SOPT-iOS";
			sourceTree = "<group>";
		};
/* End PBXGroup section */

/* Begin PBXNativeTarget section */
		7692BC462CB9608400CF5176 /* AND-SOPT-iOS */ = {
			isa = PBXNativeTarget;
			buildConfigurationList = 7692BC5B2CB9608500CF5176 /* Build configuration list for PBXNativeTarget "AND-SOPT-iOS" */;
			buildPhases = (
				7692BC432CB9608400CF5176 /* Sources */,
				7692BC442CB9608400CF5176 /* Frameworks */,
				7692BC452CB9608400CF5176 /* Resources */,
			);
			buildRules = (
			);
			dependencies = (
			);
			name = "AND-SOPT-iOS";
			packageProductDependencies = (
				76C19BC82CB98F9800745588 /* SnapKit */,
				760C545C2CD0D33B00502B24 /* Then */,
			);
			productName = "Seminar-UIKit";
			productReference = 7692BC472CB9608400CF5176 /* AND-SOPT-iOS.app */;
			productType = "com.apple.product-type.application";
		};
/* End PBXNativeTarget section */

/* Begin PBXProject section */
		7692BC3F2CB9608400CF5176 /* Project object */ = {
			isa = PBXProject;
			attributes = {
				BuildIndependentTargetsInParallel = 1;
				LastSwiftUpdateCheck = 1540;
				LastUpgradeCheck = 1540;
				TargetAttributes = {
					7692BC462CB9608400CF5176 = {
						CreatedOnToolsVersion = 15.4;
					};
				};
			};
			buildConfigurationList = 7692BC422CB9608400CF5176 /* Build configuration list for PBXProject "AND-SOPT-iOS" */;
			compatibilityVersion = "Xcode 14.0";
			developmentRegion = en;
			hasScannedForEncodings = 0;
			knownRegions = (
				en,
				Base,
			);
			mainGroup = 7692BC3E2CB9608400CF5176;
			packageReferences = (
				76C19BC72CB98F9800745588 /* XCRemoteSwiftPackageReference "SnapKit" */,
				760C545B2CD0D33B00502B24 /* XCRemoteSwiftPackageReference "Then" */,
			);
			productRefGroup = 7692BC482CB9608400CF5176 /* Products */;
			projectDirPath = "";
			projectRoot = "";
			targets = (
				7692BC462CB9608400CF5176 /* AND-SOPT-iOS */,
			);
		};
/* End PBXProject section */

/* Begin PBXResourcesBuildPhase section */
		7692BC452CB9608400CF5176 /* Resources */ = {
			isa = PBXResourcesBuildPhase;
			buildActionMask = 2147483647;
			files = (
				7692BC542CB9608500CF5176 /* Assets.xcassets in Resources */,
				7692BC572CB9608500CF5176 /* Base in Resources */,
			);
			runOnlyForDeploymentPostprocessing = 0;
		};
/* End PBXResourcesBuildPhase section */

/* Begin PBXSourcesBuildPhase section */
		7692BC432CB9608400CF5176 /* Sources */ = {
			isa = PBXSourcesBuildPhase;
			buildActionMask = 2147483647;
			files = (
				760C54682CD0D3BE00502B24 /* Photo.swift in Sources */,
				760F11BF2CC2B0ED00199A79 /* ColorsViewController.swift in Sources */,
				760C546A2CD0D3BE00502B24 /* PhotoViewController.swift in Sources */,
				760C54592CD0C26900502B24 /* DeveloperInfoLabels.swift in Sources */,
				7641BCF42CBC51AE003D99CE /* FirstMainViewController.swift in Sources */,
				760C54172CC6AD2900502B24 /* AppStoreMainViewController.swift in Sources */,
				7692BC4F2CB9608400CF5176 /* FindDifferentButtonViewController.swift in Sources */,
				760C54202CC6AE2000502B24 /* Preview.swift in Sources */,
				760F11C02CC2B0ED00199A79 /* InputNicknameViewController.swift in Sources */,
				760C541C2CC6ADFA00502B24 /* AppInfo.swift in Sources */,
				760C541E2CC6AE1000502B24 /* WhatsNew.swift in Sources */,
				760C54282CC6DFF000502B24 /* AllReviewsViewController.swift in Sources */,
				760F11C12CC2B0ED00199A79 /* SecondMainViewController.swift in Sources */,
				760C54242CC6AE3E00502B24 /* Review.swift in Sources */,
				7692BC4B2CB9608400CF5176 /* AppDelegate.swift in Sources */,
				7692BC4D2CB9608400CF5176 /* SceneDelegate.swift in Sources */,
				760C546C2CD0D3BE00502B24 /* ChartCell.swift in Sources */,
				760C546D2CD0D3BE00502B24 /* ChartViewController.swift in Sources */,
				760C541A2CC6ADD600502B24 /* AppIntro.swift in Sources */,
				760C54702CD1F02600502B24 /* ReviewData.swift in Sources */,
				760C54262CC6DF2D00502B24 /* VersionHistoryViewController.swift in Sources */,
				760C54572CD0ADCF00502B24 /* UIView+.swift in Sources */,
				7641BCF62CBC526E003D99CE /* ReceivedDataViewController.swift in Sources */,
				760C54222CC6AE3100502B24 /* DeveloperInfo.swift in Sources */,
				760C546E2CD0D3BE00502B24 /* DownloadState.swift in Sources */,
				760C546B2CD0D3BE00502B24 /* App.swift in Sources */,
				760C54692CD0D3BE00502B24 /* PhotoCell.swift in Sources */,
				7692BC5F2CB9619B00CF5176 /* ResultViewController.swift in Sources */,
			);
			runOnlyForDeploymentPostprocessing = 0;
		};
/* End PBXSourcesBuildPhase section */

/* Begin PBXVariantGroup section */
		7692BC552CB9608500CF5176 /* LaunchScreen.storyboard */ = {
			isa = PBXVariantGroup;
			children = (
				7692BC562CB9608500CF5176 /* Base */,
			);
			name = LaunchScreen.storyboard;
			sourceTree = "<group>";
		};
/* End PBXVariantGroup section */

/* Begin XCBuildConfiguration section */
		7692BC592CB9608500CF5176 /* Debug */ = {
			isa = XCBuildConfiguration;
			buildSettings = {
				ALWAYS_SEARCH_USER_PATHS = NO;
				ASSETCATALOG_COMPILER_GENERATE_SWIFT_ASSET_SYMBOL_EXTENSIONS = YES;
				CLANG_ANALYZER_NONNULL = YES;
				CLANG_ANALYZER_NUMBER_OBJECT_CONVERSION = YES_AGGRESSIVE;
				CLANG_CXX_LANGUAGE_STANDARD = "gnu++20";
				CLANG_ENABLE_MODULES = YES;
				CLANG_ENABLE_OBJC_ARC = YES;
				CLANG_ENABLE_OBJC_WEAK = YES;
				CLANG_WARN_BLOCK_CAPTURE_AUTORELEASING = YES;
				CLANG_WARN_BOOL_CONVERSION = YES;
				CLANG_WARN_COMMA = YES;
				CLANG_WARN_CONSTANT_CONVERSION = YES;
				CLANG_WARN_DEPRECATED_OBJC_IMPLEMENTATIONS = YES;
				CLANG_WARN_DIRECT_OBJC_ISA_USAGE = YES_ERROR;
				CLANG_WARN_DOCUMENTATION_COMMENTS = YES;
				CLANG_WARN_EMPTY_BODY = YES;
				CLANG_WARN_ENUM_CONVERSION = YES;
				CLANG_WARN_INFINITE_RECURSION = YES;
				CLANG_WARN_INT_CONVERSION = YES;
				CLANG_WARN_NON_LITERAL_NULL_CONVERSION = YES;
				CLANG_WARN_OBJC_IMPLICIT_RETAIN_SELF = YES;
				CLANG_WARN_OBJC_LITERAL_CONVERSION = YES;
				CLANG_WARN_OBJC_ROOT_CLASS = YES_ERROR;
				CLANG_WARN_QUOTED_INCLUDE_IN_FRAMEWORK_HEADER = YES;
				CLANG_WARN_RANGE_LOOP_ANALYSIS = YES;
				CLANG_WARN_STRICT_PROTOTYPES = YES;
				CLANG_WARN_SUSPICIOUS_MOVE = YES;
				CLANG_WARN_UNGUARDED_AVAILABILITY = YES_AGGRESSIVE;
				CLANG_WARN_UNREACHABLE_CODE = YES;
				CLANG_WARN__DUPLICATE_METHOD_MATCH = YES;
				COPY_PHASE_STRIP = NO;
				DEBUG_INFORMATION_FORMAT = dwarf;
				ENABLE_STRICT_OBJC_MSGSEND = YES;
				ENABLE_TESTABILITY = YES;
				ENABLE_USER_SCRIPT_SANDBOXING = YES;
				GCC_C_LANGUAGE_STANDARD = gnu17;
				GCC_DYNAMIC_NO_PIC = NO;
				GCC_NO_COMMON_BLOCKS = YES;
				GCC_OPTIMIZATION_LEVEL = 0;
				GCC_PREPROCESSOR_DEFINITIONS = (
					"DEBUG=1",
					"$(inherited)",
				);
				GCC_WARN_64_TO_32_BIT_CONVERSION = YES;
				GCC_WARN_ABOUT_RETURN_TYPE = YES_ERROR;
				GCC_WARN_UNDECLARED_SELECTOR = YES;
				GCC_WARN_UNINITIALIZED_AUTOS = YES_AGGRESSIVE;
				GCC_WARN_UNUSED_FUNCTION = YES;
				GCC_WARN_UNUSED_VARIABLE = YES;
				IPHONEOS_DEPLOYMENT_TARGET = 17.5;
				LOCALIZATION_PREFERS_STRING_CATALOGS = YES;
				MTL_ENABLE_DEBUG_INFO = INCLUDE_SOURCE;
				MTL_FAST_MATH = YES;
				ONLY_ACTIVE_ARCH = YES;
				SDKROOT = iphoneos;
				SWIFT_ACTIVE_COMPILATION_CONDITIONS = "DEBUG $(inherited)";
				SWIFT_OPTIMIZATION_LEVEL = "-Onone";
			};
			name = Debug;
		};
		7692BC5A2CB9608500CF5176 /* Release */ = {
			isa = XCBuildConfiguration;
			buildSettings = {
				ALWAYS_SEARCH_USER_PATHS = NO;
				ASSETCATALOG_COMPILER_GENERATE_SWIFT_ASSET_SYMBOL_EXTENSIONS = YES;
				CLANG_ANALYZER_NONNULL = YES;
				CLANG_ANALYZER_NUMBER_OBJECT_CONVERSION = YES_AGGRESSIVE;
				CLANG_CXX_LANGUAGE_STANDARD = "gnu++20";
				CLANG_ENABLE_MODULES = YES;
				CLANG_ENABLE_OBJC_ARC = YES;
				CLANG_ENABLE_OBJC_WEAK = YES;
				CLANG_WARN_BLOCK_CAPTURE_AUTORELEASING = YES;
				CLANG_WARN_BOOL_CONVERSION = YES;
				CLANG_WARN_COMMA = YES;
				CLANG_WARN_CONSTANT_CONVERSION = YES;
				CLANG_WARN_DEPRECATED_OBJC_IMPLEMENTATIONS = YES;
				CLANG_WARN_DIRECT_OBJC_ISA_USAGE = YES_ERROR;
				CLANG_WARN_DOCUMENTATION_COMMENTS = YES;
				CLANG_WARN_EMPTY_BODY = YES;
				CLANG_WARN_ENUM_CONVERSION = YES;
				CLANG_WARN_INFINITE_RECURSION = YES;
				CLANG_WARN_INT_CONVERSION = YES;
				CLANG_WARN_NON_LITERAL_NULL_CONVERSION = YES;
				CLANG_WARN_OBJC_IMPLICIT_RETAIN_SELF = YES;
				CLANG_WARN_OBJC_LITERAL_CONVERSION = YES;
				CLANG_WARN_OBJC_ROOT_CLASS = YES_ERROR;
				CLANG_WARN_QUOTED_INCLUDE_IN_FRAMEWORK_HEADER = YES;
				CLANG_WARN_RANGE_LOOP_ANALYSIS = YES;
				CLANG_WARN_STRICT_PROTOTYPES = YES;
				CLANG_WARN_SUSPICIOUS_MOVE = YES;
				CLANG_WARN_UNGUARDED_AVAILABILITY = YES_AGGRESSIVE;
				CLANG_WARN_UNREACHABLE_CODE = YES;
				CLANG_WARN__DUPLICATE_METHOD_MATCH = YES;
				COPY_PHASE_STRIP = NO;
				DEBUG_INFORMATION_FORMAT = "dwarf-with-dsym";
				ENABLE_NS_ASSERTIONS = NO;
				ENABLE_STRICT_OBJC_MSGSEND = YES;
				ENABLE_USER_SCRIPT_SANDBOXING = YES;
				GCC_C_LANGUAGE_STANDARD = gnu17;
				GCC_NO_COMMON_BLOCKS = YES;
				GCC_WARN_64_TO_32_BIT_CONVERSION = YES;
				GCC_WARN_ABOUT_RETURN_TYPE = YES_ERROR;
				GCC_WARN_UNDECLARED_SELECTOR = YES;
				GCC_WARN_UNINITIALIZED_AUTOS = YES_AGGRESSIVE;
				GCC_WARN_UNUSED_FUNCTION = YES;
				GCC_WARN_UNUSED_VARIABLE = YES;
				IPHONEOS_DEPLOYMENT_TARGET = 17.5;
				LOCALIZATION_PREFERS_STRING_CATALOGS = YES;
				MTL_ENABLE_DEBUG_INFO = NO;
				MTL_FAST_MATH = YES;
				SDKROOT = iphoneos;
				SWIFT_COMPILATION_MODE = wholemodule;
				VALIDATE_PRODUCT = YES;
			};
			name = Release;
		};
		7692BC5C2CB9608500CF5176 /* Debug */ = {
			isa = XCBuildConfiguration;
			buildSettings = {
				ASSETCATALOG_COMPILER_APPICON_NAME = AppIcon;
				ASSETCATALOG_COMPILER_GLOBAL_ACCENT_COLOR_NAME = AccentColor;
				CODE_SIGN_STYLE = Automatic;
				CURRENT_PROJECT_VERSION = 1;
				GENERATE_INFOPLIST_FILE = YES;
				INFOPLIST_FILE = "AND-SOPT-iOS/Info.plist";
				INFOPLIST_KEY_UIApplicationSupportsIndirectInputEvents = YES;
				INFOPLIST_KEY_UILaunchStoryboardName = LaunchScreen;
				INFOPLIST_KEY_UIMainStoryboardFile = "";
				INFOPLIST_KEY_UISupportedInterfaceOrientations_iPad = "UIInterfaceOrientationPortrait UIInterfaceOrientationPortraitUpsideDown UIInterfaceOrientationLandscapeLeft UIInterfaceOrientationLandscapeRight";
				INFOPLIST_KEY_UISupportedInterfaceOrientations_iPhone = "UIInterfaceOrientationPortrait UIInterfaceOrientationLandscapeLeft UIInterfaceOrientationLandscapeRight";
				LD_RUNPATH_SEARCH_PATHS = (
					"$(inherited)",
					"@executable_path/Frameworks",
				);
				MARKETING_VERSION = 1.0;
				PRODUCT_BUNDLE_IDENTIFIER = "com.semin.AND-SOPT-iOS";
				PRODUCT_NAME = "$(TARGET_NAME)";
				SWIFT_EMIT_LOC_STRINGS = YES;
				SWIFT_VERSION = 5.0;
				TARGETED_DEVICE_FAMILY = "1,2";
			};
			name = Debug;
		};
		7692BC5D2CB9608500CF5176 /* Release */ = {
			isa = XCBuildConfiguration;
			buildSettings = {
				ASSETCATALOG_COMPILER_APPICON_NAME = AppIcon;
				ASSETCATALOG_COMPILER_GLOBAL_ACCENT_COLOR_NAME = AccentColor;
				CODE_SIGN_STYLE = Automatic;
				CURRENT_PROJECT_VERSION = 1;
				GENERATE_INFOPLIST_FILE = YES;
				INFOPLIST_FILE = "AND-SOPT-iOS/Info.plist";
				INFOPLIST_KEY_UIApplicationSupportsIndirectInputEvents = YES;
				INFOPLIST_KEY_UILaunchStoryboardName = LaunchScreen;
				INFOPLIST_KEY_UIMainStoryboardFile = "";
				INFOPLIST_KEY_UISupportedInterfaceOrientations_iPad = "UIInterfaceOrientationPortrait UIInterfaceOrientationPortraitUpsideDown UIInterfaceOrientationLandscapeLeft UIInterfaceOrientationLandscapeRight";
				INFOPLIST_KEY_UISupportedInterfaceOrientations_iPhone = "UIInterfaceOrientationPortrait UIInterfaceOrientationLandscapeLeft UIInterfaceOrientationLandscapeRight";
				LD_RUNPATH_SEARCH_PATHS = (
					"$(inherited)",
					"@executable_path/Frameworks",
				);
				MARKETING_VERSION = 1.0;
				PRODUCT_BUNDLE_IDENTIFIER = "com.semin.AND-SOPT-iOS";
				PRODUCT_NAME = "$(TARGET_NAME)";
				SWIFT_EMIT_LOC_STRINGS = YES;
				SWIFT_VERSION = 5.0;
				TARGETED_DEVICE_FAMILY = "1,2";
			};
			name = Release;
		};
/* End XCBuildConfiguration section */

/* Begin XCConfigurationList section */
		7692BC422CB9608400CF5176 /* Build configuration list for PBXProject "AND-SOPT-iOS" */ = {
			isa = XCConfigurationList;
			buildConfigurations = (
				7692BC592CB9608500CF5176 /* Debug */,
				7692BC5A2CB9608500CF5176 /* Release */,
			);
			defaultConfigurationIsVisible = 0;
			defaultConfigurationName = Release;
		};
		7692BC5B2CB9608500CF5176 /* Build configuration list for PBXNativeTarget "AND-SOPT-iOS" */ = {
			isa = XCConfigurationList;
			buildConfigurations = (
				7692BC5C2CB9608500CF5176 /* Debug */,
				7692BC5D2CB9608500CF5176 /* Release */,
			);
			defaultConfigurationIsVisible = 0;
			defaultConfigurationName = Release;
		};
/* End XCConfigurationList section */

/* Begin XCRemoteSwiftPackageReference section */
		760C545B2CD0D33B00502B24 /* XCRemoteSwiftPackageReference "Then" */ = {
			isa = XCRemoteSwiftPackageReference;
			repositoryURL = "https://github.com/devxoul/Then";
			requirement = {
				kind = upToNextMajorVersion;
				minimumVersion = 3.0.0;
			};
		};
		76C19BC72CB98F9800745588 /* XCRemoteSwiftPackageReference "SnapKit" */ = {
			isa = XCRemoteSwiftPackageReference;
			repositoryURL = "https://github.com/SnapKit/SnapKit";
			requirement = {
				kind = upToNextMajorVersion;
				minimumVersion = 5.7.1;
			};
		};
/* End XCRemoteSwiftPackageReference section */

/* Begin XCSwiftPackageProductDependency section */
		760C545C2CD0D33B00502B24 /* Then */ = {
			isa = XCSwiftPackageProductDependency;
			package = 760C545B2CD0D33B00502B24 /* XCRemoteSwiftPackageReference "Then" */;
			productName = Then;
		};
		76C19BC82CB98F9800745588 /* SnapKit */ = {
			isa = XCSwiftPackageProductDependency;
			package = 76C19BC72CB98F9800745588 /* XCRemoteSwiftPackageReference "SnapKit" */;
			productName = SnapKit;
		};
/* End XCSwiftPackageProductDependency section */
	};
	rootObject = 7692BC3F2CB9608400CF5176 /* Project object */;
}
